
Microsoft Visual Studio Solution File, Format Version 12.00
# Visual Studio Version 16
VisualStudioVersion = 16.0.31005.135
MinimumVisualStudioVersion = 10.0.40219.1
Project("{9A19103F-16F7-4668-BE54-9A1E7A4F7556}") = "OcclusionServerLib", "OcclusionServerLib\OcclusionServerLib.csproj", "{98F04B78-1213-4786-B576-3EEBDB50EBBE}"
EndProject
Project("{D954291E-2A0B-460D-934E-DC6B0785DB48}") = "OcclusionShared", "OcclusionShared\OcclusionShared.shproj", "{B348ADAB-955E-46F7-87EB-27F9DE5B0CF3}"
EndProject
Project("{9A19103F-16F7-4668-BE54-9A1E7A4F7556}") = "OcclusionDedicatedServer", "OcclusionDedicatedServer\OcclusionDedicatedServer.csproj", "{0B542EE2-5344-4F0B-92D5-43AF6706A841}"
EndProject
Project("{9A19103F-16F7-4668-BE54-9A1E7A4F7556}") = "Occlusion Voice Chat_CrossPlatform", "Occlusion Voice Chat_CrossPlatform\Occlusion Voice Chat_CrossPlatform.csproj", "{65629756-6BEE-42D3-A2E9-D8AC2282F7E0}"
EndProject
Project("{2150E333-8FDC-42A3-9474-1A3956D46DE8}") = "Solution Items", "Solution Items", "{AD04A82C-724A-4E74-B6A6-CD0D939B1A9B}"
	ProjectSection(SolutionItems) = preProject
		.editorconfig = .editorconfig
	EndProjectSection
EndProject
Project("{9A19103F-16F7-4668-BE54-9A1E7A4F7556}") = "OcclusionAutoUpdater", "OcclusionAutoUpdater\OcclusionAutoUpdater.csproj", "{4A55BE62-41D8-4B8F-B9D0-85C22CC5B150}"
EndProject
Project("{D954291E-2A0B-460D-934E-DC6B0785DB48}") = "OcclusionVersionControl", "OcclusionVersionControl\OcclusionVersionControl.shproj", "{875D4A31-028B-45B3-A533-3144DCD6097E}"
EndProject
Project("{FAE04EC0-301F-11D3-BF4B-00C04F79EFBC}") = "OcclusionClientUnitTests", "OcclusionClientUnitTests\OcclusionClientUnitTests.csproj", "{07610040-42AE-4763-BE4E-A415545566A3}"
EndProject
Global
	GlobalSection(SharedMSBuildProjectFiles) = preSolution
		OcclusionVersionControl\OcclusionVersionControl.projitems*{4a55be62-41d8-4b8f-b9d0-85c22cc5b150}*SharedItemsImports = 5
		OcclusionShared\OcclusionShared.projitems*{65629756-6bee-42d3-a2e9-d8ac2282f7e0}*SharedItemsImports = 5
		OcclusionVersionControl\OcclusionVersionControl.projitems*{65629756-6bee-42d3-a2e9-d8ac2282f7e0}*SharedItemsImports = 5
		OcclusionVersionControl\OcclusionVersionControl.projitems*{875d4a31-028b-45b3-a533-3144dcd6097e}*SharedItemsImports = 13
		OcclusionShared\OcclusionShared.projitems*{98f04b78-1213-4786-b576-3eebdb50ebbe}*SharedItemsImports = 5
		OcclusionVersionControl\OcclusionVersionControl.projitems*{98f04b78-1213-4786-b576-3eebdb50ebbe}*SharedItemsImports = 5
		OcclusionShared\OcclusionShared.projitems*{b348adab-955e-46f7-87eb-27f9de5b0cf3}*SharedItemsImports = 13
	EndGlobalSection
	GlobalSection(SolutionConfigurationPlatforms) = preSolution
		All|Any CPU = All|Any CPU
		All|osx-x64 = All|osx-x64
		All|x64 = All|x64
		All|x86 = All|x86
		Debug Win|Any CPU = Debug Win|Any CPU
		Debug Win|osx-x64 = Debug Win|osx-x64
		Debug Win|x64 = Debug Win|x64
		Debug Win|x86 = Debug Win|x86
		Debug|Any CPU = Debug|Any CPU
		Debug|osx-x64 = Debug|osx-x64
		Debug|x64 = Debug|x64
		Debug|x86 = Debug|x86
		Release Win|Any CPU = Release Win|Any CPU
		Release Win|osx-x64 = Release Win|osx-x64
		Release Win|x64 = Release Win|x64
		Release Win|x86 = Release Win|x86
		Release|Any CPU = Release|Any CPU
		Release|osx-x64 = Release|osx-x64
		Release|x64 = Release|x64
		Release|x86 = Release|x86
	EndGlobalSection
	GlobalSection(ProjectConfigurationPlatforms) = postSolution
		{98F04B78-1213-4786-B576-3EEBDB50EBBE}.All|Any CPU.ActiveCfg = Release|Any CPU
		{98F04B78-1213-4786-B576-3EEBDB50EBBE}.All|Any CPU.Build.0 = Release|Any CPU
		{98F04B78-1213-4786-B576-3EEBDB50EBBE}.All|osx-x64.ActiveCfg = Release|Any CPU
		{98F04B78-1213-4786-B576-3EEBDB50EBBE}.All|osx-x64.Build.0 = Release|Any CPU
		{98F04B78-1213-4786-B576-3EEBDB50EBBE}.All|x64.ActiveCfg = Release|Any CPU
		{98F04B78-1213-4786-B576-3EEBDB50EBBE}.All|x64.Build.0 = Release|Any CPU
		{98F04B78-1213-4786-B576-3EEBDB50EBBE}.All|x86.ActiveCfg = Release|x86
		{98F04B78-1213-4786-B576-3EEBDB50EBBE}.All|x86.Build.0 = Release|x86
		{98F04B78-1213-4786-B576-3EEBDB50EBBE}.Debug Win|Any CPU.ActiveCfg = Debug Win|Any CPU
		{98F04B78-1213-4786-B576-3EEBDB50EBBE}.Debug Win|Any CPU.Build.0 = Debug Win|Any CPU
		{98F04B78-1213-4786-B576-3EEBDB50EBBE}.Debug Win|osx-x64.ActiveCfg = Debug Win|Any CPU
		{98F04B78-1213-4786-B576-3EEBDB50EBBE}.Debug Win|osx-x64.Build.0 = Debug Win|Any CPU
		{98F04B78-1213-4786-B576-3EEBDB50EBBE}.Debug Win|x64.ActiveCfg = Debug Win|Any CPU
		{98F04B78-1213-4786-B576-3EEBDB50EBBE}.Debug Win|x64.Build.0 = Debug Win|Any CPU
		{98F04B78-1213-4786-B576-3EEBDB50EBBE}.Debug Win|x86.ActiveCfg = Debug Win|x86
		{98F04B78-1213-4786-B576-3EEBDB50EBBE}.Debug Win|x86.Build.0 = Debug Win|x86
		{98F04B78-1213-4786-B576-3EEBDB50EBBE}.Debug|Any CPU.ActiveCfg = Debug|Any CPU
		{98F04B78-1213-4786-B576-3EEBDB50EBBE}.Debug|Any CPU.Build.0 = Debug|Any CPU
		{98F04B78-1213-4786-B576-3EEBDB50EBBE}.Debug|osx-x64.ActiveCfg = Debug|Any CPU
		{98F04B78-1213-4786-B576-3EEBDB50EBBE}.Debug|osx-x64.Build.0 = Debug|Any CPU
		{98F04B78-1213-4786-B576-3EEBDB50EBBE}.Debug|x64.ActiveCfg = Debug|Any CPU
		{98F04B78-1213-4786-B576-3EEBDB50EBBE}.Debug|x64.Build.0 = Debug|Any CPU
		{98F04B78-1213-4786-B576-3EEBDB50EBBE}.Debug|x86.ActiveCfg = Debug|x86
		{98F04B78-1213-4786-B576-3EEBDB50EBBE}.Debug|x86.Build.0 = Debug|x86
		{98F04B78-1213-4786-B576-3EEBDB50EBBE}.Release Win|Any CPU.ActiveCfg = Release Win|Any CPU
		{98F04B78-1213-4786-B576-3EEBDB50EBBE}.Release Win|Any CPU.Build.0 = Release Win|Any CPU
		{98F04B78-1213-4786-B576-3EEBDB50EBBE}.Release Win|osx-x64.ActiveCfg = Release Win|Any CPU
		{98F04B78-1213-4786-B576-3EEBDB50EBBE}.Release Win|osx-x64.Build.0 = Release Win|Any CPU
		{98F04B78-1213-4786-B576-3EEBDB50EBBE}.Release Win|x64.ActiveCfg = Release Win|Any CPU
		{98F04B78-1213-4786-B576-3EEBDB50EBBE}.Release Win|x64.Build.0 = Release Win|Any CPU
		{98F04B78-1213-4786-B576-3EEBDB50EBBE}.Release Win|x86.ActiveCfg = Release Win|x86
		{98F04B78-1213-4786-B576-3EEBDB50EBBE}.Release Win|x86.Build.0 = Release Win|x86
		{98F04B78-1213-4786-B576-3EEBDB50EBBE}.Release|Any CPU.ActiveCfg = Release|Any CPU
		{98F04B78-1213-4786-B576-3EEBDB50EBBE}.Release|Any CPU.Build.0 = Release|Any CPU
		{98F04B78-1213-4786-B576-3EEBDB50EBBE}.Release|osx-x64.ActiveCfg = Release|Any CPU
		{98F04B78-1213-4786-B576-3EEBDB50EBBE}.Release|osx-x64.Build.0 = Release|Any CPU
		{98F04B78-1213-4786-B576-3EEBDB50EBBE}.Release|x64.ActiveCfg = Release|Any CPU
		{98F04B78-1213-4786-B576-3EEBDB50EBBE}.Release|x64.Build.0 = Release|Any CPU
		{98F04B78-1213-4786-B576-3EEBDB50EBBE}.Release|x86.ActiveCfg = Release|x86
		{98F04B78-1213-4786-B576-3EEBDB50EBBE}.Release|x86.Build.0 = Release|x86
		{0B542EE2-5344-4F0B-92D5-43AF6706A841}.All|Any CPU.ActiveCfg = Release|Any CPU
		{0B542EE2-5344-4F0B-92D5-43AF6706A841}.All|Any CPU.Build.0 = Release|Any CPU
		{0B542EE2-5344-4F0B-92D5-43AF6706A841}.All|osx-x64.ActiveCfg = Release|Any CPU
		{0B542EE2-5344-4F0B-92D5-43AF6706A841}.All|osx-x64.Build.0 = Release|Any CPU
		{0B542EE2-5344-4F0B-92D5-43AF6706A841}.All|x64.ActiveCfg = Release|Any CPU
		{0B542EE2-5344-4F0B-92D5-43AF6706A841}.All|x64.Build.0 = Release|Any CPU
		{0B542EE2-5344-4F0B-92D5-43AF6706A841}.All|x86.ActiveCfg = Release|x86
		{0B542EE2-5344-4F0B-92D5-43AF6706A841}.All|x86.Build.0 = Release|x86
		{0B542EE2-5344-4F0B-92D5-43AF6706A841}.Debug Win|Any CPU.ActiveCfg = Debug Win|Any CPU
		{0B542EE2-5344-4F0B-92D5-43AF6706A841}.Debug Win|Any CPU.Build.0 = Debug Win|Any CPU
		{0B542EE2-5344-4F0B-92D5-43AF6706A841}.Debug Win|osx-x64.ActiveCfg = Debug Win|Any CPU
		{0B542EE2-5344-4F0B-92D5-43AF6706A841}.Debug Win|osx-x64.Build.0 = Debug Win|Any CPU
		{0B542EE2-5344-4F0B-92D5-43AF6706A841}.Debug Win|x64.ActiveCfg = Debug Win|Any CPU
		{0B542EE2-5344-4F0B-92D5-43AF6706A841}.Debug Win|x64.Build.0 = Debug Win|Any CPU
		{0B542EE2-5344-4F0B-92D5-43AF6706A841}.Debug Win|x86.ActiveCfg = Debug Win|x86
		{0B542EE2-5344-4F0B-92D5-43AF6706A841}.Debug Win|x86.Build.0 = Debug Win|x86
		{0B542EE2-5344-4F0B-92D5-43AF6706A841}.Debug|Any CPU.ActiveCfg = Debug|Any CPU
		{0B542EE2-5344-4F0B-92D5-43AF6706A841}.Debug|Any CPU.Build.0 = Debug|Any CPU
		{0B542EE2-5344-4F0B-92D5-43AF6706A841}.Debug|osx-x64.ActiveCfg = Debug|Any CPU
		{0B542EE2-5344-4F0B-92D5-43AF6706A841}.Debug|osx-x64.Build.0 = Debug|Any CPU
		{0B542EE2-5344-4F0B-92D5-43AF6706A841}.Debug|x64.ActiveCfg = Debug|Any CPU
		{0B542EE2-5344-4F0B-92D5-43AF6706A841}.Debug|x64.Build.0 = Debug|Any CPU
		{0B542EE2-5344-4F0B-92D5-43AF6706A841}.Debug|x86.ActiveCfg = Debug|x86
		{0B542EE2-5344-4F0B-92D5-43AF6706A841}.Debug|x86.Build.0 = Debug|x86
		{0B542EE2-5344-4F0B-92D5-43AF6706A841}.Release Win|Any CPU.ActiveCfg = Release Win|Any CPU
		{0B542EE2-5344-4F0B-92D5-43AF6706A841}.Release Win|Any CPU.Build.0 = Release Win|Any CPU
		{0B542EE2-5344-4F0B-92D5-43AF6706A841}.Release Win|osx-x64.ActiveCfg = Release Win|Any CPU
		{0B542EE2-5344-4F0B-92D5-43AF6706A841}.Release Win|osx-x64.Build.0 = Release Win|Any CPU
		{0B542EE2-5344-4F0B-92D5-43AF6706A841}.Release Win|x64.ActiveCfg = Release Win|Any CPU
		{0B542EE2-5344-4F0B-92D5-43AF6706A841}.Release Win|x64.Build.0 = Release Win|Any CPU
		{0B542EE2-5344-4F0B-92D5-43AF6706A841}.Release Win|x86.ActiveCfg = Release Win|x86
		{0B542EE2-5344-4F0B-92D5-43AF6706A841}.Release Win|x86.Build.0 = Release Win|x86
		{0B542EE2-5344-4F0B-92D5-43AF6706A841}.Release|Any CPU.ActiveCfg = Release|Any CPU
		{0B542EE2-5344-4F0B-92D5-43AF6706A841}.Release|Any CPU.Build.0 = Release|Any CPU
		{0B542EE2-5344-4F0B-92D5-43AF6706A841}.Release|osx-x64.ActiveCfg = Release|Any CPU
		{0B542EE2-5344-4F0B-92D5-43AF6706A841}.Release|osx-x64.Build.0 = Release|Any CPU
		{0B542EE2-5344-4F0B-92D5-43AF6706A841}.Release|x64.ActiveCfg = Release|Any CPU
		{0B542EE2-5344-4F0B-92D5-43AF6706A841}.Release|x64.Build.0 = Release|Any CPU
		{0B542EE2-5344-4F0B-92D5-43AF6706A841}.Release|x86.ActiveCfg = Release|x86
		{0B542EE2-5344-4F0B-92D5-43AF6706A841}.Release|x86.Build.0 = Release|x86
		{65629756-6BEE-42D3-A2E9-D8AC2282F7E0}.All|Any CPU.ActiveCfg = Release|Any CPU
		{65629756-6BEE-42D3-A2E9-D8AC2282F7E0}.All|Any CPU.Build.0 = Release|Any CPU
		{65629756-6BEE-42D3-A2E9-D8AC2282F7E0}.All|osx-x64.ActiveCfg = Release|Any CPU
		{65629756-6BEE-42D3-A2E9-D8AC2282F7E0}.All|osx-x64.Build.0 = Release|Any CPU
		{65629756-6BEE-42D3-A2E9-D8AC2282F7E0}.All|x64.ActiveCfg = Release|x64
		{65629756-6BEE-42D3-A2E9-D8AC2282F7E0}.All|x64.Build.0 = Release|x64
		{65629756-6BEE-42D3-A2E9-D8AC2282F7E0}.All|x86.ActiveCfg = Release|Any CPU
		{65629756-6BEE-42D3-A2E9-D8AC2282F7E0}.All|x86.Build.0 = Release|Any CPU
		{65629756-6BEE-42D3-A2E9-D8AC2282F7E0}.Debug Win|Any CPU.ActiveCfg = Debug Win|Any CPU
		{65629756-6BEE-42D3-A2E9-D8AC2282F7E0}.Debug Win|Any CPU.Build.0 = Debug Win|Any CPU
		{65629756-6BEE-42D3-A2E9-D8AC2282F7E0}.Debug Win|osx-x64.ActiveCfg = Debug Win|Any CPU
		{65629756-6BEE-42D3-A2E9-D8AC2282F7E0}.Debug Win|osx-x64.Build.0 = Debug Win|Any CPU
		{65629756-6BEE-42D3-A2E9-D8AC2282F7E0}.Debug Win|x64.ActiveCfg = Debug Win|x64
		{65629756-6BEE-42D3-A2E9-D8AC2282F7E0}.Debug Win|x64.Build.0 = Debug Win|x64
		{65629756-6BEE-42D3-A2E9-D8AC2282F7E0}.Debug Win|x86.ActiveCfg = Debug Win|Any CPU
		{65629756-6BEE-42D3-A2E9-D8AC2282F7E0}.Debug Win|x86.Build.0 = Debug Win|Any CPU
		{65629756-6BEE-42D3-A2E9-D8AC2282F7E0}.Debug|Any CPU.ActiveCfg = Debug|Any CPU
		{65629756-6BEE-42D3-A2E9-D8AC2282F7E0}.Debug|Any CPU.Build.0 = Debug|Any CPU
		{65629756-6BEE-42D3-A2E9-D8AC2282F7E0}.Debug|osx-x64.ActiveCfg = Debug|x64
		{65629756-6BEE-42D3-A2E9-D8AC2282F7E0}.Debug|osx-x64.Build.0 = Debug|x64
		{65629756-6BEE-42D3-A2E9-D8AC2282F7E0}.Debug|x64.ActiveCfg = Debug|Any CPU
		{65629756-6BEE-42D3-A2E9-D8AC2282F7E0}.Debug|x64.Build.0 = Debug|Any CPU
		{65629756-6BEE-42D3-A2E9-D8AC2282F7E0}.Debug|x86.ActiveCfg = Debug|Any CPU
		{65629756-6BEE-42D3-A2E9-D8AC2282F7E0}.Debug|x86.Build.0 = Debug|Any CPU
		{65629756-6BEE-42D3-A2E9-D8AC2282F7E0}.Release Win|Any CPU.ActiveCfg = Release Win|Any CPU
		{65629756-6BEE-42D3-A2E9-D8AC2282F7E0}.Release Win|Any CPU.Build.0 = Release Win|Any CPU
		{65629756-6BEE-42D3-A2E9-D8AC2282F7E0}.Release Win|osx-x64.ActiveCfg = Release Win|Any CPU
		{65629756-6BEE-42D3-A2E9-D8AC2282F7E0}.Release Win|osx-x64.Build.0 = Release Win|Any CPU
		{65629756-6BEE-42D3-A2E9-D8AC2282F7E0}.Release Win|x64.ActiveCfg = Release Win|x64
		{65629756-6BEE-42D3-A2E9-D8AC2282F7E0}.Release Win|x64.Build.0 = Release Win|x64
		{65629756-6BEE-42D3-A2E9-D8AC2282F7E0}.Release Win|x86.ActiveCfg = Release Win|Any CPU
		{65629756-6BEE-42D3-A2E9-D8AC2282F7E0}.Release Win|x86.Build.0 = Release Win|Any CPU
		{65629756-6BEE-42D3-A2E9-D8AC2282F7E0}.Release|Any CPU.ActiveCfg = Release|Any CPU
		{65629756-6BEE-42D3-A2E9-D8AC2282F7E0}.Release|Any CPU.Build.0 = Release|Any CPU
		{65629756-6BEE-42D3-A2E9-D8AC2282F7E0}.Release|osx-x64.ActiveCfg = Release|Any CPU
		{65629756-6BEE-42D3-A2E9-D8AC2282F7E0}.Release|osx-x64.Build.0 = Release|Any CPU
		{65629756-6BEE-42D3-A2E9-D8AC2282F7E0}.Release|x64.ActiveCfg = Release|Any CPU
		{65629756-6BEE-42D3-A2E9-D8AC2282F7E0}.Release|x64.Build.0 = Release|Any CPU
		{65629756-6BEE-42D3-A2E9-D8AC2282F7E0}.Release|x86.ActiveCfg = Release|Any CPU
		{65629756-6BEE-42D3-A2E9-D8AC2282F7E0}.Release|x86.Build.0 = Release|Any CPU
		{4A55BE62-41D8-4B8F-B9D0-85C22CC5B150}.All|Any CPU.ActiveCfg = Debug|Any CPU
		{4A55BE62-41D8-4B8F-B9D0-85C22CC5B150}.All|Any CPU.Build.0 = Debug|Any CPU
		{4A55BE62-41D8-4B8F-B9D0-85C22CC5B150}.All|osx-x64.ActiveCfg = Debug|Any CPU
		{4A55BE62-41D8-4B8F-B9D0-85C22CC5B150}.All|osx-x64.Build.0 = Debug|Any CPU
		{4A55BE62-41D8-4B8F-B9D0-85C22CC5B150}.All|x64.ActiveCfg = Debug|Any CPU
		{4A55BE62-41D8-4B8F-B9D0-85C22CC5B150}.All|x64.Build.0 = Debug|Any CPU
		{4A55BE62-41D8-4B8F-B9D0-85C22CC5B150}.All|x86.ActiveCfg = Debug|Any CPU
		{4A55BE62-41D8-4B8F-B9D0-85C22CC5B150}.All|x86.Build.0 = Debug|Any CPU
		{4A55BE62-41D8-4B8F-B9D0-85C22CC5B150}.Debug Win|Any CPU.ActiveCfg = Debug|Any CPU
		{4A55BE62-41D8-4B8F-B9D0-85C22CC5B150}.Debug Win|Any CPU.Build.0 = Debug|Any CPU
		{4A55BE62-41D8-4B8F-B9D0-85C22CC5B150}.Debug Win|osx-x64.ActiveCfg = Debug|Any CPU
		{4A55BE62-41D8-4B8F-B9D0-85C22CC5B150}.Debug Win|osx-x64.Build.0 = Debug|Any CPU
		{4A55BE62-41D8-4B8F-B9D0-85C22CC5B150}.Debug Win|x64.ActiveCfg = Debug|Any CPU
		{4A55BE62-41D8-4B8F-B9D0-85C22CC5B150}.Debug Win|x64.Build.0 = Debug|Any CPU
		{4A55BE62-41D8-4B8F-B9D0-85C22CC5B150}.Debug Win|x86.ActiveCfg = Debug|Any CPU
		{4A55BE62-41D8-4B8F-B9D0-85C22CC5B150}.Debug Win|x86.Build.0 = Debug|Any CPU
		{4A55BE62-41D8-4B8F-B9D0-85C22CC5B150}.Debug|Any CPU.ActiveCfg = Debug|Any CPU
		{4A55BE62-41D8-4B8F-B9D0-85C22CC5B150}.Debug|Any CPU.Build.0 = Debug|Any CPU
		{4A55BE62-41D8-4B8F-B9D0-85C22CC5B150}.Debug|osx-x64.ActiveCfg = Debug|Any CPU
		{4A55BE62-41D8-4B8F-B9D0-85C22CC5B150}.Debug|osx-x64.Build.0 = Debug|Any CPU
		{4A55BE62-41D8-4B8F-B9D0-85C22CC5B150}.Debug|x64.ActiveCfg = Debug|Any CPU
		{4A55BE62-41D8-4B8F-B9D0-85C22CC5B150}.Debug|x64.Build.0 = Debug|Any CPU
		{4A55BE62-41D8-4B8F-B9D0-85C22CC5B150}.Debug|x86.ActiveCfg = Debug|Any CPU
		{4A55BE62-41D8-4B8F-B9D0-85C22CC5B150}.Debug|x86.Build.0 = Debug|Any CPU
		{4A55BE62-41D8-4B8F-B9D0-85C22CC5B150}.Release Win|Any CPU.ActiveCfg = Release|Any CPU
		{4A55BE62-41D8-4B8F-B9D0-85C22CC5B150}.Release Win|Any CPU.Build.0 = Release|Any CPU
		{4A55BE62-41D8-4B8F-B9D0-85C22CC5B150}.Release Win|osx-x64.ActiveCfg = Release|Any CPU
		{4A55BE62-41D8-4B8F-B9D0-85C22CC5B150}.Release Win|osx-x64.Build.0 = Release|Any CPU
		{4A55BE62-41D8-4B8F-B9D0-85C22CC5B150}.Release Win|x64.ActiveCfg = Release|Any CPU
		{4A55BE62-41D8-4B8F-B9D0-85C22CC5B150}.Release Win|x64.Build.0 = Release|Any CPU
		{4A55BE62-41D8-4B8F-B9D0-85C22CC5B150}.Release Win|x86.ActiveCfg = Release|Any CPU
		{4A55BE62-41D8-4B8F-B9D0-85C22CC5B150}.Release Win|x86.Build.0 = Release|Any CPU
		{4A55BE62-41D8-4B8F-B9D0-85C22CC5B150}.Release|Any CPU.ActiveCfg = Release|Any CPU
		{4A55BE62-41D8-4B8F-B9D0-85C22CC5B150}.Release|Any CPU.Build.0 = Release|Any CPU
		{4A55BE62-41D8-4B8F-B9D0-85C22CC5B150}.Release|osx-x64.ActiveCfg = Release|Any CPU
		{4A55BE62-41D8-4B8F-B9D0-85C22CC5B150}.Release|osx-x64.Build.0 = Release|Any CPU
		{4A55BE62-41D8-4B8F-B9D0-85C22CC5B150}.Release|x64.ActiveCfg = Release|Any CPU
		{4A55BE62-41D8-4B8F-B9D0-85C22CC5B150}.Release|x64.Build.0 = Release|Any CPU
		{4A55BE62-41D8-4B8F-B9D0-85C22CC5B150}.Release|x86.ActiveCfg = Release|Any CPU
		{4A55BE62-41D8-4B8F-B9D0-85C22CC5B150}.Release|x86.Build.0 = Release|Any CPU
		{07610040-42AE-4763-BE4E-A415545566A3}.All|Any CPU.ActiveCfg = Debug|Any CPU
		{07610040-42AE-4763-BE4E-A415545566A3}.All|Any CPU.Build.0 = Debug|Any CPU
		{07610040-42AE-4763-BE4E-A415545566A3}.All|osx-x64.ActiveCfg = Debug|Any CPU
		{07610040-42AE-4763-BE4E-A415545566A3}.All|osx-x64.Build.0 = Debug|Any CPU
		{07610040-42AE-4763-BE4E-A415545566A3}.All|x64.ActiveCfg = Debug|Any CPU
		{07610040-42AE-4763-BE4E-A415545566A3}.All|x64.Build.0 = Debug|Any CPU
		{07610040-42AE-4763-BE4E-A415545566A3}.All|x86.ActiveCfg = Debug|Any CPU
		{07610040-42AE-4763-BE4E-A415545566A3}.All|x86.Build.0 = Debug|Any CPU
		{07610040-42AE-4763-BE4E-A415545566A3}.Debug Win|Any CPU.ActiveCfg = Debug|Any CPU
		{07610040-42AE-4763-BE4E-A415545566A3}.Debug Win|Any CPU.Build.0 = Debug|Any CPU
		{07610040-42AE-4763-BE4E-A415545566A3}.Debug Win|osx-x64.ActiveCfg = Debug|Any CPU
		{07610040-42AE-4763-BE4E-A415545566A3}.Debug Win|osx-x64.Build.0 = Debug|Any CPU
		{07610040-42AE-4763-BE4E-A415545566A3}.Debug Win|x64.ActiveCfg = Debug|Any CPU
		{07610040-42AE-4763-BE4E-A415545566A3}.Debug Win|x64.Build.0 = Debug|Any CPU
		{07610040-42AE-4763-BE4E-A415545566A3}.Debug Win|x86.ActiveCfg = Debug|Any CPU
		{07610040-42AE-4763-BE4E-A415545566A3}.Debug Win|x86.Build.0 = Debug|Any CPU
		{07610040-42AE-4763-BE4E-A415545566A3}.Debug|Any CPU.ActiveCfg = Debug|Any CPU
		{07610040-42AE-4763-BE4E-A415545566A3}.Debug|Any CPU.Build.0 = Debug|Any CPU
		{07610040-42AE-4763-BE4E-A415545566A3}.Debug|osx-x64.ActiveCfg = Debug|Any CPU
		{07610040-42AE-4763-BE4E-A415545566A3}.Debug|osx-x64.Build.0 = Debug|Any CPU
		{07610040-42AE-4763-BE4E-A415545566A3}.Debug|x64.ActiveCfg = Debug|Any CPU
		{07610040-42AE-4763-BE4E-A415545566A3}.Debug|x64.Build.0 = Debug|Any CPU
		{07610040-42AE-4763-BE4E-A415545566A3}.Debug|x86.ActiveCfg = Debug|Any CPU
		{07610040-42AE-4763-BE4E-A415545566A3}.Debug|x86.Build.0 = Debug|Any CPU
		{07610040-42AE-4763-BE4E-A415545566A3}.Release Win|Any CPU.ActiveCfg = Release|Any CPU
		{07610040-42AE-4763-BE4E-A415545566A3}.Release Win|Any CPU.Build.0 = Release|Any CPU
		{07610040-42AE-4763-BE4E-A415545566A3}.Release Win|osx-x64.ActiveCfg = Release|Any CPU
		{07610040-42AE-4763-BE4E-A415545566A3}.Release Win|osx-x64.Build.0 = Release|Any CPU
		{07610040-42AE-4763-BE4E-A415545566A3}.Release Win|x64.ActiveCfg = Release|Any CPU
		{07610040-42AE-4763-BE4E-A415545566A3}.Release Win|x64.Build.0 = Release|Any CPU
		{07610040-42AE-4763-BE4E-A415545566A3}.Release Win|x86.ActiveCfg = Release|Any CPU
		{07610040-42AE-4763-BE4E-A415545566A3}.Release Win|x86.Build.0 = Release|Any CPU
		{07610040-42AE-4763-BE4E-A415545566A3}.Release|Any CPU.ActiveCfg = Release|Any CPU
		{07610040-42AE-4763-BE4E-A415545566A3}.Release|Any CPU.Build.0 = Release|Any CPU
		{07610040-42AE-4763-BE4E-A415545566A3}.Release|osx-x64.ActiveCfg = Release|Any CPU
		{07610040-42AE-4763-BE4E-A415545566A3}.Release|osx-x64.Build.0 = Release|Any CPU
		{07610040-42AE-4763-BE4E-A415545566A3}.Release|x64.ActiveCfg = Release|Any CPU
		{07610040-42AE-4763-BE4E-A415545566A3}.Release|x64.Build.0 = Release|Any CPU
		{07610040-42AE-4763-BE4E-A415545566A3}.Release|x86.ActiveCfg = Release|Any CPU
		{07610040-42AE-4763-BE4E-A415545566A3}.Release|x86.Build.0 = Release|Any CPU
	EndGlobalSection
	GlobalSection(SolutionProperties) = preSolution
		HideSolutionNode = FALSE
	EndGlobalSection
	GlobalSection(ExtensibilityGlobals) = postSolution
		SolutionGuid = {ABF65697-55EF-4F0A-962B-5F2566F56CE0}
	EndGlobalSection
EndGlobal
